<?xml version="1.0" encoding="utf-8"?>
<Project ToolsVersion="4.0" xmlns="http://schemas.microsoft.com/developer/msbuild/2003">
  <ItemGroup>
    <ClCompile Include="main.cpp" />
    <ClCompile Include="Graphics.cpp" />
    <ClCompile Include="Parts\DOTS\DOTS_MAIN.C">
      <Filter>Parts\15-Dots</Filter>
    </ClCompile>
    <ClCompile Include="shims.c" />
    <ClCompile Include="Parts\JPLOGO\JP.C">
      <Filter>Parts\18-JellyLogo</Filter>
    </ClCompile>
    <ClCompile Include="Parts\LENS\LENS_MAIN.C">
      <Filter>Parts\11-12-Lens</Filter>
    </ClCompile>
    <ClCompile Include="Parts\END\END.C">
      <Filter>Parts\21-EndPic</Filter>
    </ClCompile>
    <ClCompile Include="Parts\ENDSCRL\ENDSCRL_MAIN.C">
      <Filter>Parts\23-Endscroll</Filter>
    </ClCompile>
    <ClCompile Include="Parts\PAM\OUTTAA.C">
      <Filter>Parts\03a-IntroPraxisBlast</Filter>
    </ClCompile>
    <ClCompile Include="Parts\ALKU\ALKU_MAIN.C">
      <Filter>Parts\01-IntroScroll</Filter>
    </ClCompile>
    <ClCompile Include="Parts\COMAN\COMAN_MAIN.C">
      <Filter>Parts\17-ComancheVoxel</Filter>
    </ClCompile>
    <ClCompile Include="Parts\COMMON.C">
      <Filter>Parts</Filter>
    </ClCompile>
    <ClCompile Include="Parts\GLENZ\GLENZ_MAIN.C">
      <Filter>Parts\04-Glenz</Filter>
    </ClCompile>
    <ClCompile Include="Parts\DIS\dis.c">
      <Filter>Parts\DIS</Filter>
    </ClCompile>
    <ClCompile Include="Parts\GLENZ\ZOOMER.C">
      <Filter>Parts\04-Glenz</Filter>
    </ClCompile>
    <ClCompile Include="Parts\BEG\BEG.C">
      <Filter>Parts\03b-BeginTitleScreen</Filter>
    </ClCompile>
    <ClCompile Include="Parts\PLZPART\PLZ_MAIN.C">
      <Filter>Parts\13-14-Plasmacube</Filter>
    </ClCompile>
    <ClCompile Include="Parts\PLZPART\PLZ.C">
      <Filter>Parts\13-14-Plasmacube</Filter>
    </ClCompile>
    <ClCompile Include="Parts\PLZPART\PLZFILL.C">
      <Filter>Parts\13-14-Plasmacube</Filter>
    </ClCompile>
    <ClCompile Include="Parts\PLZPART\VECT.C">
      <Filter>Parts\13-14-Plasmacube</Filter>
    </ClCompile>
    <ClCompile Include="Parts\CREDITS\CREDITS_MAIN.C">
      <Filter>Parts\22-Credits</Filter>
    </ClCompile>
    <ClCompile Include="Parts\VISU\C\U2A.C">
      <Filter>Parts\02-Intro3D</Filter>
    </ClCompile>
    <ClCompile Include="Parts\VISU\C\U2E.C">
      <Filter>Parts\19-City3D</Filter>
    </ClCompile>
  </ItemGroup>
  <ItemGroup>
    <ClInclude Include="Graphics.h" />
    <ClInclude Include="shims.h" />
    <ClInclude Include="Parts\COMAN\WAVE.H">
      <Filter>Parts\17-ComancheVoxel</Filter>
    </ClInclude>
    <ClInclude Include="Parts\COMMON.H">
      <Filter>Parts</Filter>
    </ClInclude>
    <ClInclude Include="Parts\DIS\dis.h">
      <Filter>Parts\DIS</Filter>
    </ClInclude>
    <ClInclude Include="Parts\PLZPART\TWEAK.H">
      <Filter>Parts\13-14-Plasmacube</Filter>
    </ClInclude>
    <ClInclude Include="Parts\VISU\CD.H">
      <Filter>Parts\VISU</Filter>
    </ClInclude>
    <ClInclude Include="Parts\VISU\C.H">
      <Filter>Parts\VISU</Filter>
    </ClInclude>
  </ItemGroup>
  <ItemGroup>
    <Filter Include="Parts">
      <UniqueIdentifier>{78585c14-9278-4ee8-87d6-b22709b9851d}</UniqueIdentifier>
    </Filter>
    <Filter Include="Parts\15-Dots">
      <UniqueIdentifier>{13afc6c3-7159-4404-a106-322c18e461ac}</UniqueIdentifier>
    </Filter>
    <Filter Include="Parts\18-JellyLogo">
      <UniqueIdentifier>{932452aa-4afb-45f4-866c-b5c06b7c898d}</UniqueIdentifier>
    </Filter>
    <Filter Include="Parts\11-12-Lens">
      <UniqueIdentifier>{3fac80c4-f0ed-4cc6-b23d-3c6d5a03ff97}</UniqueIdentifier>
    </Filter>
    <Filter Include="Parts\21-EndPic">
      <UniqueIdentifier>{86c1373c-04ae-485b-a3df-e1dec86c21ac}</UniqueIdentifier>
    </Filter>
    <Filter Include="Parts\01-IntroScroll">
      <UniqueIdentifier>{53556962-13bc-4283-a965-87491e0a79b4}</UniqueIdentifier>
    </Filter>
    <Filter Include="Parts\23-Endscroll">
      <UniqueIdentifier>{b5280ce2-4192-462c-bfa4-270ba28c9413}</UniqueIdentifier>
    </Filter>
    <Filter Include="Parts\17-ComancheVoxel">
      <UniqueIdentifier>{cc236c22-f955-4b11-be34-d1a96a7d7319}</UniqueIdentifier>
    </Filter>
    <Filter Include="Parts\04-Glenz">
      <UniqueIdentifier>{52f24579-f26b-46a2-83ed-9050ee17c057}</UniqueIdentifier>
    </Filter>
    <Filter Include="Parts\DIS">
      <UniqueIdentifier>{075ac59b-1522-46cc-a49f-388868fcdd52}</UniqueIdentifier>
    </Filter>
    <Filter Include="Parts\03b-BeginTitleScreen">
      <UniqueIdentifier>{dd337c00-93cc-441f-91d4-73ef4ffd70b4}</UniqueIdentifier>
    </Filter>
    <Filter Include="Parts\13-14-Plasmacube">
      <UniqueIdentifier>{457ddf6e-ffc3-4ffa-b5a9-ae0918fab8ed}</UniqueIdentifier>
    </Filter>
    <Filter Include="Parts\22-Credits">
      <UniqueIdentifier>{80e1ed27-1626-4254-a955-46659d280a43}</UniqueIdentifier>
    </Filter>
    <Filter Include="Parts\02-Intro3D">
      <UniqueIdentifier>{0cb671d0-ad32-42ef-9d2a-c057de8ae097}</UniqueIdentifier>
    </Filter>
    <Filter Include="Parts\03a-IntroPraxisBlast">
      <UniqueIdentifier>{f701f20d-cae8-4bff-9c0d-e40e68fe31c7}</UniqueIdentifier>
    </Filter>
    <Filter Include="Parts\VISU">
      <UniqueIdentifier>{58313135-9fc4-4f06-95a4-90415d388a2b}</UniqueIdentifier>
    </Filter>
    <Filter Include="Parts\VISU\C">
      <UniqueIdentifier>{86d03e74-f329-4d6c-96ad-95d2118b2a76}</UniqueIdentifier>
    </Filter>
    <Filter Include="Parts\19-City3D">
      <UniqueIdentifier>{17e0b5c1-f459-4361-9699-55de3ea7318f}</UniqueIdentifier>
    </Filter>
  </ItemGroup>
  <ItemGroup>
    <None Include="Parts\DOTS\CLINK.INC">
      <Filter>Parts\15-Dots</Filter>
    </None>
    <None Include="Parts\DOTS\FACE.INC">
      <Filter>Parts\15-Dots</Filter>
    </None>
    <None Include="Parts\DOTS\SIN1024.INC">
      <Filter>Parts\15-Dots</Filter>
    </None>
    <None Include="Parts\JPLOGO\SIN1024.INC">
      <Filter>Parts\18-JellyLogo</Filter>
    </None>
    <None Include="Parts\JPLOGO\ZOOM.INC">
      <Filter>Parts\18-JellyLogo</Filter>
    </None>
    <None Include="Parts\JPLOGO\ICEKNGDM.UP">
      <Filter>Parts\18-JellyLogo</Filter>
    </None>
    <None Include="Parts\LENS\LENS.EX0">
      <Filter>Parts\11-12-Lens</Filter>
    </None>
    <None Include="Parts\LENS\LENS.EX1">
      <Filter>Parts\11-12-Lens</Filter>
    </None>
    <None Include="Parts\LENS\LENS.EX2">
      <Filter>Parts\11-12-Lens</Filter>
    </None>
    <None Include="Parts\LENS\LENS.EX3">
      <Filter>Parts\11-12-Lens</Filter>
    </None>
    <None Include="Parts\LENS\LENS.EX4">
      <Filter>Parts\11-12-Lens</Filter>
    </None>
    <None Include="Parts\LENS\LENS.EXB">
      <Filter>Parts\11-12-Lens</Filter>
    </None>
    <None Include="Parts\LENS\LENS.EXP">
      <Filter>Parts\11-12-Lens</Filter>
    </None>
    <None Include="Parts\END\PIC.UH">
      <Filter>Parts\21-EndPic</Filter>
    </None>
    <None Include="Parts\PAM\OUT.IN0">
      <Filter>Parts\03a-IntroPraxisBlast</Filter>
    </None>
    <None Include="Parts\PAM\OUT.IN1">
      <Filter>Parts\03a-IntroPraxisBlast</Filter>
    </None>
    <None Include="Parts\PAM\OUT.IN2">
      <Filter>Parts\03a-IntroPraxisBlast</Filter>
    </None>
    <None Include="Parts\PAM\OUT.IN3">
      <Filter>Parts\03a-IntroPraxisBlast</Filter>
    </None>
    <None Include="Parts\PAM\OUT.IN4">
      <Filter>Parts\03a-IntroPraxisBlast</Filter>
    </None>
    <None Include="Parts\PAM\PAL.INC">
      <Filter>Parts\03a-IntroPraxisBlast</Filter>
    </None>
    <None Include="Parts\ALKU\HOI.IN0">
      <Filter>Parts\01-IntroScroll</Filter>
    </None>
    <None Include="Parts\ALKU\HOI.IN1">
      <Filter>Parts\01-IntroScroll</Filter>
    </None>
    <None Include="Parts\ALKU\FONA.INC">
      <Filter>Parts\01-IntroScroll</Filter>
    </None>
    <None Include="Parts\COMAN\SIN1024.INC">
      <Filter>Parts\17-ComancheVoxel</Filter>
    </None>
    <None Include="Parts\COMAN\THELOOP.INC">
      <Filter>Parts\17-ComancheVoxel</Filter>
    </None>
    <None Include="Parts\COMAN\W1DTA.BIN">
      <Filter>Parts\17-ComancheVoxel</Filter>
    </None>
    <None Include="Parts\COMAN\W2DTA.BIN">
      <Filter>Parts\17-ComancheVoxel</Filter>
    </None>
    <None Include="Parts\GLENZ\ZOOMLOOP.INC">
      <Filter>Parts\04-Glenz</Filter>
    </None>
    <None Include="Parts\GLENZ\SIN1024.INC">
      <Filter>Parts\04-Glenz</Filter>
    </None>
    <None Include="Parts\GLENZ\MATHSIN.INC">
      <Filter>Parts\04-Glenz</Filter>
    </None>
    <None Include="Parts\GLENZ\FC.UH">
      <Filter>Parts\04-Glenz</Filter>
    </None>
    <None Include="Parts\GLENZ\ASM.INC">
      <Filter>Parts\04-Glenz</Filter>
    </None>
    <None Include="Parts\GLENZ\AOBJ.INC">
      <Filter>Parts\04-Glenz</Filter>
    </None>
    <None Include="Parts\GLENZ\ADATA.INC">
      <Filter>Parts\04-Glenz</Filter>
    </None>
    <None Include="Parts\BEG\SRTITLE.UP">
      <Filter>Parts\03b-BeginTitleScreen</Filter>
    </None>
    <None Include="Parts\PLZPART\LSINI.PRE">
      <Filter>Parts\13-14-Plasmacube</Filter>
    </None>
    <None Include="Parts\PLZPART\PSINI.PRE">
      <Filter>Parts\13-14-Plasmacube</Filter>
    </None>
    <None Include="Parts\PLZPART\PTAU.PRE">
      <Filter>Parts\13-14-Plasmacube</Filter>
    </None>
    <None Include="Parts\PLZPART\LSINI16.INC">
      <Filter>Parts\13-14-Plasmacube</Filter>
    </None>
    <None Include="Parts\PLZPART\LSINI4.INC">
      <Filter>Parts\13-14-Plasmacube</Filter>
    </None>
    <None Include="Parts\PLZPART\PSINI.INC">
      <Filter>Parts\13-14-Plasmacube</Filter>
    </None>
    <None Include="Parts\PLZPART\SINIT.INC">
      <Filter>Parts\13-14-Plasmacube</Filter>
    </None>
    <None Include="Parts\PLZPART\RATA.INC">
      <Filter>Parts\13-14-Plasmacube</Filter>
    </None>
    <None Include="Parts\PLZPART\SPLINE.INC">
      <Filter>Parts\13-14-Plasmacube</Filter>
    </None>
    <None Include="Parts\CREDITS\FONA.INC">
      <Filter>Parts\22-Credits</Filter>
    </None>
  </ItemGroup>
  <ItemGroup>
    <YASM Include="Parts\ALKU\ALKU_ASMYT.ASM">
      <Filter>Parts\01-IntroScroll</Filter>
    </YASM>
    <YASM Include="Parts\ALKU\ALKU_INCLUDE.ASM">
      <Filter>Parts\01-IntroScroll</Filter>
    </YASM>
    <YASM Include="Parts\PAM\PAM_ASMYT.ASM">
      <Filter>Parts\03a-IntroPraxisBlast</Filter>
    </YASM>
    <YASM Include="Parts\PAM\PAM_INCLUDE.ASM">
      <Filter>Parts\03a-IntroPraxisBlast</Filter>
    </YASM>
    <YASM Include="Parts\LENS\LENS_ASM.ASM">
      <Filter>Parts\11-12-Lens</Filter>
    </YASM>
    <YASM Include="Parts\LENS\LENS_DATA.ASM">
      <Filter>Parts\11-12-Lens</Filter>
    </YASM>
    <YASM Include="Parts\DOTS\DOTS_ASM.ASM">
      <Filter>Parts\15-Dots</Filter>
    </YASM>
    <YASM Include="Parts\JPLOGO\JL_ASM.ASM">
      <Filter>Parts\18-JellyLogo</Filter>
    </YASM>
    <YASM Include="Parts\JPLOGO\JL_PIC.ASM">
      <Filter>Parts\18-JellyLogo</Filter>
    </YASM>
    <YASM Include="Parts\END\END_ASM.ASM">
      <Filter>Parts\21-EndPic</Filter>
    </YASM>
    <YASM Include="Parts\END\END_DATA.ASM">
      <Filter>Parts\21-EndPic</Filter>
    </YASM>
    <YASM Include="Parts\ENDSCRL\FONA.ASM">
      <Filter>Parts\23-Endscroll</Filter>
    </YASM>
    <YASM Include="Parts\COMAN\COMAN_ASM.ASM">
      <Filter>Parts\17-ComancheVoxel</Filter>
    </YASM>
    <YASM Include="Parts\COMAN\THELOOP.ASM">
      <Filter>Parts\17-ComancheVoxel</Filter>
    </YASM>
    <YASM Include="Parts\COMAN\COMAN_DATA.ASM">
      <Filter>Parts\17-ComancheVoxel</Filter>
    </YASM>
    <YASM Include="Parts\GLENZ\GLENZ_DATA.ASM">
      <Filter>Parts\04-Glenz</Filter>
    </YASM>
    <YASM Include="Parts\GLENZ\VEC.ASM">
      <Filter>Parts\04-Glenz</Filter>
    </YASM>
    <YASM Include="Parts\GLENZ\VID.ASM">
      <Filter>Parts\04-Glenz</Filter>
    </YASM>
    <YASM Include="Parts\GLENZ\VIDINIT.ASM">
      <Filter>Parts\04-Glenz</Filter>
    </YASM>
    <YASM Include="Parts\GLENZ\VIDMISC.ASM">
      <Filter>Parts\04-Glenz</Filter>
    </YASM>
    <YASM Include="Parts\GLENZ\VIDNRM.ASM">
      <Filter>Parts\04-Glenz</Filter>
    </YASM>
    <YASM Include="Parts\GLENZ\VIDPOLY.ASM">
      <Filter>Parts\04-Glenz</Filter>
    </YASM>
    <YASM Include="Parts\GLENZ\VIDTWE.ASM">
      <Filter>Parts\04-Glenz</Filter>
    </YASM>
    <YASM Include="Parts\GLENZ\ZOOM.ASM">
      <Filter>Parts\04-Glenz</Filter>
    </YASM>
    <YASM Include="Parts\GLENZ\NEW.ASM">
      <Filter>Parts\04-Glenz</Filter>
    </YASM>
    <YASM Include="Parts\GLENZ\MATH.ASM">
      <Filter>Parts\04-Glenz</Filter>
    </YASM>
    <YASM Include="Parts\GLENZ\ADATA.ASM">
      <Filter>Parts\04-Glenz</Filter>
    </YASM>
    <YASM Include="Parts\BEG\BEG_DATA.ASM">
      <Filter>Parts\03b-BeginTitleScreen</Filter>
    </YASM>
    <YASM Include="Parts\PLZPART\ASMYT.ASM">
      <Filter>Parts\13-14-Plasmacube</Filter>
    </YASM>
    <YASM Include="Parts\PLZPART\INCLUDE.ASM">
      <Filter>Parts\13-14-Plasmacube</Filter>
    </YASM>
    <YASM Include="Parts\PLZPART\PLZA.ASM">
      <Filter>Parts\13-14-Plasmacube</Filter>
    </YASM>
    <YASM Include="Parts\PLZPART\SPLINE.ASM">
      <Filter>Parts\13-14-Plasmacube</Filter>
    </YASM>
    <YASM Include="Parts\PLZPART\COPPER.ASM">
      <Filter>Parts\13-14-Plasmacube</Filter>
    </YASM>
    <YASM Include="Parts\CREDITS\CREDITS_INCLUDE.ASM">
      <Filter>Parts\22-Credits</Filter>
    </YASM>
  </ItemGroup>
</Project>