<?xml version="1.0" encoding="utf-8"?>
<Project ToolsVersion="4.0" xmlns="http://schemas.microsoft.com/developer/msbuild/2003">
  <ItemGroup>
    <ClCompile Include="main.cpp" />
    <ClCompile Include="Graphics.cpp" />
    <ClCompile Include="Parts\DOTS\DOTS_MAIN.C">
      <Filter>Parts\15-Dots</Filter>
    </ClCompile>
    <ClCompile Include="Parts\DIS\dis.c" />
    <ClCompile Include="shims.c" />
    <ClCompile Include="Parts\JPLOGO\JP.C">
      <Filter>Parts\18-JellyLogo</Filter>
    </ClCompile>
    <ClCompile Include="Parts\JPLOGO\READP.C">
      <Filter>Parts\18-JellyLogo</Filter>
    </ClCompile>
    <ClCompile Include="Parts\LENS\LENS_MAIN.C">
      <Filter>Parts\11-12-Lens</Filter>
    </ClCompile>
    <ClCompile Include="Parts\END\END.C">
      <Filter>Parts\21-EndPic</Filter>
    </ClCompile>
  </ItemGroup>
  <ItemGroup>
    <ClInclude Include="Graphics.h" />
    <ClInclude Include="Parts\DIS\dis.h" />
    <ClInclude Include="shims.h" />
  </ItemGroup>
  <ItemGroup>
    <Filter Include="Parts">
      <UniqueIdentifier>{78585c14-9278-4ee8-87d6-b22709b9851d}</UniqueIdentifier>
    </Filter>
    <Filter Include="Parts\15-Dots">
      <UniqueIdentifier>{13afc6c3-7159-4404-a106-322c18e461ac}</UniqueIdentifier>
    </Filter>
    <Filter Include="Parts\18-JellyLogo">
      <UniqueIdentifier>{932452aa-4afb-45f4-866c-b5c06b7c898d}</UniqueIdentifier>
    </Filter>
    <Filter Include="Parts\11-12-Lens">
      <UniqueIdentifier>{3fac80c4-f0ed-4cc6-b23d-3c6d5a03ff97}</UniqueIdentifier>
    </Filter>
    <Filter Include="Parts\21-EndPic">
      <UniqueIdentifier>{86c1373c-04ae-485b-a3df-e1dec86c21ac}</UniqueIdentifier>
    </Filter>
  </ItemGroup>
  <ItemGroup>
    <None Include="Parts\DOTS\CLINK.INC">
      <Filter>Parts\15-Dots</Filter>
    </None>
    <None Include="Parts\DOTS\FACE.INC">
      <Filter>Parts\15-Dots</Filter>
    </None>
    <None Include="Parts\DOTS\SIN1024.INC">
      <Filter>Parts\15-Dots</Filter>
    </None>
    <None Include="Parts\JPLOGO\SIN1024.INC">
      <Filter>Parts\18-JellyLogo</Filter>
    </None>
    <None Include="Parts\JPLOGO\ZOOM.INC">
      <Filter>Parts\18-JellyLogo</Filter>
    </None>
    <None Include="Parts\JPLOGO\ICEKNGDM.UP">
      <Filter>Parts\18-JellyLogo</Filter>
    </None>
    <None Include="Parts\LENS\LENS.EX0">
      <Filter>Parts\11-12-Lens</Filter>
    </None>
    <None Include="Parts\LENS\LENS.EX1">
      <Filter>Parts\11-12-Lens</Filter>
    </None>
    <None Include="Parts\LENS\LENS.EX2">
      <Filter>Parts\11-12-Lens</Filter>
    </None>
    <None Include="Parts\LENS\LENS.EX3">
      <Filter>Parts\11-12-Lens</Filter>
    </None>
    <None Include="Parts\LENS\LENS.EX4">
      <Filter>Parts\11-12-Lens</Filter>
    </None>
    <None Include="Parts\LENS\LENS.EXB">
      <Filter>Parts\11-12-Lens</Filter>
    </None>
    <None Include="Parts\LENS\LENS.EXP">
      <Filter>Parts\11-12-Lens</Filter>
    </None>
    <None Include="Parts\END\PIC.UH">
      <Filter>Parts\21-EndPic</Filter>
    </None>
  </ItemGroup>
  <ItemGroup>
    <CustomBuild Include="Parts\DOTS\DOTS_ASM.ASM">
      <Filter>Parts\15-Dots</Filter>
    </CustomBuild>
    <CustomBuild Include="Parts\JPLOGO\JL_ASM.ASM">
      <Filter>Parts\18-JellyLogo</Filter>
    </CustomBuild>
    <CustomBuild Include="Parts\JPLOGO\JL_PIC.ASM">
      <Filter>Parts\18-JellyLogo</Filter>
    </CustomBuild>
    <CustomBuild Include="Parts\LENS\LENS_ASM.ASM">
      <Filter>Parts\11-12-Lens</Filter>
    </CustomBuild>
    <CustomBuild Include="Parts\LENS\LENS_DATA.ASM">
      <Filter>Parts\11-12-Lens</Filter>
    </CustomBuild>
    <CustomBuild Include="Parts\END\END_ASM.ASM">
      <Filter>Parts\21-EndPic</Filter>
    </CustomBuild>
    <CustomBuild Include="Parts\END\END_DATA.ASM">
      <Filter>Parts\21-EndPic</Filter>
    </CustomBuild>
  </ItemGroup>
</Project>